// !$*UTF8*$!
{
	archiveVersion = 1;
	classes = {
	};
	objectVersion = 50;
	objects = {

/* Begin PBXBuildFile section */
		7F138ECF2887563C00C0B624 /* AppDelegate.swift in Sources */ = {isa = PBXBuildFile; fileRef = 7F138ECE2887563C00C0B624 /* AppDelegate.swift */; };
		7F138ED12887563C00C0B624 /* SceneDelegate.swift in Sources */ = {isa = PBXBuildFile; fileRef = 7F138ED02887563C00C0B624 /* SceneDelegate.swift */; };
		7F138ED32887563C00C0B624 /* ViewController.swift in Sources */ = {isa = PBXBuildFile; fileRef = 7F138ED22887563C00C0B624 /* ViewController.swift */; };
		7F138ED62887563C00C0B624 /* Main.storyboard in Resources */ = {isa = PBXBuildFile; fileRef = 7F138ED42887563C00C0B624 /* Main.storyboard */; };
		7F138ED92887563C00C0B624 /* Smart_Wallet.xcdatamodeld in Sources */ = {isa = PBXBuildFile; fileRef = 7F138ED72887563C00C0B624 /* Smart_Wallet.xcdatamodeld */; };
		7F138EDB2887563D00C0B624 /* Assets.xcassets in Resources */ = {isa = PBXBuildFile; fileRef = 7F138EDA2887563D00C0B624 /* Assets.xcassets */; };
		7F138EDE2887563D00C0B624 /* LaunchScreen.storyboard in Resources */ = {isa = PBXBuildFile; fileRef = 7F138EDC2887563D00C0B624 /* LaunchScreen.storyboard */; };
		CB9449382888972E009C85B3 /* InvestmentsViewController.swift in Sources */ = {isa = PBXBuildFile; fileRef = CB9449372888972E009C85B3 /* InvestmentsViewController.swift */; };
		CB94493A28889F58009C85B3 /* RetirementViewController.swift in Sources */ = {isa = PBXBuildFile; fileRef = CB94493928889F58009C85B3 /* RetirementViewController.swift */; };
/* End PBXBuildFile section */

/* Begin PBXFileReference section */
		7F138ECB2887563C00C0B624 /* Smart Wallet.app */ = {isa = PBXFileReference; explicitFileType = wrapper.application; includeInIndex = 0; path = "Smart Wallet.app"; sourceTree = BUILT_PRODUCTS_DIR; };
		7F138ECE2887563C00C0B624 /* AppDelegate.swift */ = {isa = PBXFileReference; lastKnownFileType = sourcecode.swift; path = AppDelegate.swift; sourceTree = "<group>"; };
		7F138ED02887563C00C0B624 /* SceneDelegate.swift */ = {isa = PBXFileReference; lastKnownFileType = sourcecode.swift; path = SceneDelegate.swift; sourceTree = "<group>"; };
		7F138ED22887563C00C0B624 /* ViewController.swift */ = {isa = PBXFileReference; lastKnownFileType = sourcecode.swift; path = ViewController.swift; sourceTree = "<group>"; };
		7F138ED52887563C00C0B624 /* Base */ = {isa = PBXFileReference; lastKnownFileType = file.storyboard; name = Base; path = Base.lproj/Main.storyboard; sourceTree = "<group>"; };
		7F138ED82887563C00C0B624 /* Smart_Wallet.xcdatamodel */ = {isa = PBXFileReference; lastKnownFileType = wrapper.xcdatamodel; path = Smart_Wallet.xcdatamodel; sourceTree = "<group>"; };
		7F138EDA2887563D00C0B624 /* Assets.xcassets */ = {isa = PBXFileReference; lastKnownFileType = folder.assetcatalog; path = Assets.xcassets; sourceTree = "<group>"; };
		7F138EDD2887563D00C0B624 /* Base */ = {isa = PBXFileReference; lastKnownFileType = file.storyboard; name = Base; path = Base.lproj/LaunchScreen.storyboard; sourceTree = "<group>"; };
		7F138EDF2887563D00C0B624 /* Info.plist */ = {isa = PBXFileReference; lastKnownFileType = text.plist.xml; path = Info.plist; sourceTree = "<group>"; };
		CB9449372888972E009C85B3 /* InvestmentsViewController.swift */ = {isa = PBXFileReference; lastKnownFileType = sourcecode.swift; path = InvestmentsViewController.swift; sourceTree = "<group>"; };
		CB94493928889F58009C85B3 /* RetirementViewController.swift */ = {isa = PBXFileReference; lastKnownFileType = sourcecode.swift; path = RetirementViewController.swift; sourceTree = "<group>"; };
/* End PBXFileReference section */

/* Begin PBXFrameworksBuildPhase section */
		7F138EC82887563C00C0B624 /* Frameworks */ = {
			isa = PBXFrameworksBuildPhase;
			buildActionMask = 2147483647;
			files = (
			);
			runOnlyForDeploymentPostprocessing = 0;
		};
/* End PBXFrameworksBuildPhase section */

/* Begin PBXGroup section */
		7F138EC22887563C00C0B624 = {
			isa = PBXGroup;
			children = (
				7F138ECD2887563C00C0B624 /* Smart Wallet */,
				7F138ECC2887563C00C0B624 /* Products */,
			);
			sourceTree = "<group>";
		};
		7F138ECC2887563C00C0B624 /* Products */ = {
			isa = PBXGroup;
			children = (
				7F138ECB2887563C00C0B624 /* Smart Wallet.app */,
			);
			name = Products;
			sourceTree = "<group>";
		};
		7F138ECD2887563C00C0B624 /* Smart Wallet */ = {
			isa = PBXGroup;
			children = (
				7F138ECE2887563C00C0B624 /* AppDelegate.swift */,
				7F138ED02887563C00C0B624 /* SceneDelegate.swift */,
				7F138ED22887563C00C0B624 /* ViewController.swift */,
				CB9449372888972E009C85B3 /* InvestmentsViewController.swift */,
				CB94493928889F58009C85B3 /* RetirementViewController.swift */,
				7F138ED42887563C00C0B624 /* Main.storyboard */,
				7F138EDA2887563D00C0B624 /* Assets.xcassets */,
				7F138EDC2887563D00C0B624 /* LaunchScreen.storyboard */,
				7F138EDF2887563D00C0B624 /* Info.plist */,
				7F138ED72887563C00C0B624 /* Smart_Wallet.xcdatamodeld */,
			);
			path = "Smart Wallet";
			sourceTree = "<group>";
		};
/* End PBXGroup section */

/* Begin PBXNativeTarget section */
		7F138ECA2887563C00C0B624 /* Smart Wallet */ = {
			isa = PBXNativeTarget;
			buildConfigurationList = 7F138EE22887563D00C0B624 /* Build configuration list for PBXNativeTarget "Smart Wallet" */;
			buildPhases = (
				7F138EC72887563C00C0B624 /* Sources */,
				7F138EC82887563C00C0B624 /* Frameworks */,
				7F138EC92887563C00C0B624 /* Resources */,
			);
			buildRules = (
			);
			dependencies = (
			);
			name = "Smart Wallet";
			productName = "Smart Wallet";
			productReference = 7F138ECB2887563C00C0B624 /* Smart Wallet.app */;
			productType = "com.apple.product-type.application";
		};
/* End PBXNativeTarget section */

/* Begin PBXProject section */
		7F138EC32887563C00C0B624 /* Project object */ = {
			isa = PBXProject;
			attributes = {
				LastSwiftUpdateCheck = 1240;
				LastUpgradeCheck = 1240;
				TargetAttributes = {
					7F138ECA2887563C00C0B624 = {
						CreatedOnToolsVersion = 12.4;
					};
				};
			};
			buildConfigurationList = 7F138EC62887563C00C0B624 /* Build configuration list for PBXProject "Smart Wallet" */;
			compatibilityVersion = "Xcode 9.3";
			developmentRegion = en;
			hasScannedForEncodings = 0;
			knownRegions = (
				en,
				Base,
			);
			mainGroup = 7F138EC22887563C00C0B624;
			productRefGroup = 7F138ECC2887563C00C0B624 /* Products */;
			projectDirPath = "";
			projectRoot = "";
			targets = (
				7F138ECA2887563C00C0B624 /* Smart Wallet */,
			);
		};
/* End PBXProject section */

/* Begin PBXResourcesBuildPhase section */
		7F138EC92887563C00C0B624 /* Resources */ = {
			isa = PBXResourcesBuildPhase;
			buildActionMask = 2147483647;
			files = (
				7F138EDE2887563D00C0B624 /* LaunchScreen.storyboard in Resources */,
				7F138EDB2887563D00C0B624 /* Assets.xcassets in Resources */,
				7F138ED62887563C00C0B624 /* Main.storyboard in Resources */,
			);
			runOnlyForDeploymentPostprocessing = 0;
		};
/* End PBXResourcesBuildPhase section */

/* Begin PBXSourcesBuildPhase section */
		7F138EC72887563C00C0B624 /* Sources */ = {
			isa = PBXSourcesBuildPhase;
			buildActionMask = 2147483647;
			files = (
				7F138ED92887563C00C0B624 /* Smart_Wallet.xcdatamodeld in Sources */,
				7F138ED32887563C00C0B624 /* ViewController.swift in Sources */,
				CB9449382888972E009C85B3 /* InvestmentsViewController.swift in Sources */,
				CB94493A28889F58009C85B3 /* RetirementViewController.swift in Sources */,
				7F138ECF2887563C00C0B624 /* AppDelegate.swift in Sources */,
				7F138ED12887563C00C0B624 /* SceneDelegate.swift in Sources */,
			);
			runOnlyForDeploymentPostprocessing = 0;
		};
/* End PBXSourcesBuildPhase section */

/* Begin PBXVariantGroup section */
		7F138ED42887563C00C0B624 /* Main.storyboard */ = {
			isa = PBXVariantGroup;
			children = (
				7F138ED52887563C00C0B624 /* Base */,
			);
			name = Main.storyboard;
			sourceTree = "<group>";
		};
		7F138EDC2887563D00C0B624 /* LaunchScreen.storyboard */ = {
			isa = PBXVariantGroup;
			children = (
				7F138EDD2887563D00C0B624 /* Base */,
			);
			name = LaunchScreen.storyboard;
			sourceTree = "<group>";
		};
/* End PBXVariantGroup section */

/* Begin XCBuildConfiguration section */
		7F138EE02887563D00C0B624 /* Debug */ = {
			isa = XCBuildConfiguration;
			buildSettings = {
				ALWAYS_SEARCH_USER_PATHS = NO;
				CLANG_ANALYZER_NONNULL = YES;
				CLANG_ANALYZER_NUMBER_OBJECT_CONVERSION = YES_AGGRESSIVE;
				CLANG_CXX_LANGUAGE_STANDARD = "gnu++14";
				CLANG_CXX_LIBRARY = "libc++";
				CLANG_ENABLE_MODULES = YES;
				CLANG_ENABLE_OBJC_ARC = YES;
				CLANG_ENABLE_OBJC_WEAK = YES;
				CLANG_WARN_BLOCK_CAPTURE_AUTORELEASING = YES;
				CLANG_WARN_BOOL_CONVERSION = YES;
				CLANG_WARN_COMMA = YES;
				CLANG_WARN_CONSTANT_CONVERSION = YES;
				CLANG_WARN_DEPRECATED_OBJC_IMPLEMENTATIONS = YES;
				CLANG_WARN_DIRECT_OBJC_ISA_USAGE = YES_ERROR;
				CLANG_WARN_DOCUMENTATION_COMMENTS = YES;
				CLANG_WARN_EMPTY_BODY = YES;
				CLANG_WARN_ENUM_CONVERSION = YES;
				CLANG_WARN_INFINITE_RECURSION = YES;
				CLANG_WARN_INT_CONVERSION = YES;
				CLANG_WARN_NON_LITERAL_NULL_CONVERSION = YES;
				CLANG_WARN_OBJC_IMPLICIT_RETAIN_SELF = YES;
				CLANG_WARN_OBJC_LITERAL_CONVERSION = YES;
				CLANG_WARN_OBJC_ROOT_CLASS = YES_ERROR;
				CLANG_WARN_QUOTED_INCLUDE_IN_FRAMEWORK_HEADER = YES;
				CLANG_WARN_RANGE_LOOP_ANALYSIS = YES;
				CLANG_WARN_STRICT_PROTOTYPES = YES;
				CLANG_WARN_SUSPICIOUS_MOVE = YES;
				CLANG_WARN_UNGUARDED_AVAILABILITY = YES_AGGRESSIVE;
				CLANG_WARN_UNREACHABLE_CODE = YES;
				CLANG_WARN__DUPLICATE_METHOD_MATCH = YES;
				COPY_PHASE_STRIP = NO;
				DEBUG_INFORMATION_FORMAT = dwarf;
				ENABLE_STRICT_OBJC_MSGSEND = YES;
				ENABLE_TESTABILITY = YES;
				GCC_C_LANGUAGE_STANDARD = gnu11;
				GCC_DYNAMIC_NO_PIC = NO;
				GCC_NO_COMMON_BLOCKS = YES;
				GCC_OPTIMIZATION_LEVEL = 0;
				GCC_PREPROCESSOR_DEFINITIONS = (
					"DEBUG=1",
					"$(inherited)",
				);
				GCC_WARN_64_TO_32_BIT_CONVERSION = YES;
				GCC_WARN_ABOUT_RETURN_TYPE = YES_ERROR;
				GCC_WARN_UNDECLARED_SELECTOR = YES;
				GCC_WARN_UNINITIALIZED_AUTOS = YES_AGGRESSIVE;
				GCC_WARN_UNUSED_FUNCTION = YES;
				GCC_WARN_UNUSED_VARIABLE = YES;
				IPHONEOS_DEPLOYMENT_TARGET = 14.4;
				MTL_ENABLE_DEBUG_INFO = INCLUDE_SOURCE;
				MTL_FAST_MATH = YES;
				ONLY_ACTIVE_ARCH = YES;
				SDKROOT = iphoneos;
				SWIFT_ACTIVE_COMPILATION_CONDITIONS = DEBUG;
				SWIFT_OPTIMIZATION_LEVEL = "-Onone";
			};
			name = Debug;
		};
		7F138EE12887563D00C0B624 /* Release */ = {
			isa = XCBuildConfiguration;
			buildSettings = {
				ALWAYS_SEARCH_USER_PATHS = NO;
				CLANG_ANALYZER_NONNULL = YES;
				CLANG_ANALYZER_NUMBER_OBJECT_CONVERSION = YES_AGGRESSIVE;
				CLANG_CXX_LANGUAGE_STANDARD = "gnu++14";
				CLANG_CXX_LIBRARY = "libc++";
				CLANG_ENABLE_MODULES = YES;
				CLANG_ENABLE_OBJC_ARC = YES;
				CLANG_ENABLE_OBJC_WEAK = YES;
				CLANG_WARN_BLOCK_CAPTURE_AUTORELEASING = YES;
				CLANG_WARN_BOOL_CONVERSION = YES;
				CLANG_WARN_COMMA = YES;
				CLANG_WARN_CONSTANT_CONVERSION = YES;
				CLANG_WARN_DEPRECATED_OBJC_IMPLEMENTATIONS = YES;
				CLANG_WARN_DIRECT_OBJC_ISA_USAGE = YES_ERROR;
				CLANG_WARN_DOCUMENTATION_COMMENTS = YES;
				CLANG_WARN_EMPTY_BODY = YES;
				CLANG_WARN_ENUM_CONVERSION = YES;
				CLANG_WARN_INFINITE_RECURSION = YES;
				CLANG_WARN_INT_CONVERSION = YES;
				CLANG_WARN_NON_LITERAL_NULL_CONVERSION = YES;
				CLANG_WARN_OBJC_IMPLICIT_RETAIN_SELF = YES;
				CLANG_WARN_OBJC_LITERAL_CONVERSION = YES;
				CLANG_WARN_OBJC_ROOT_CLASS = YES_ERROR;
				CLANG_WARN_QUOTED_INCLUDE_IN_FRAMEWORK_HEADER = YES;
				CLANG_WARN_RANGE_LOOP_ANALYSIS = YES;
				CLANG_WARN_STRICT_PROTOTYPES = YES;
				CLANG_WARN_SUSPICIOUS_MOVE = YES;
				CLANG_WARN_UNGUARDED_AVAILABILITY = YES_AGGRESSIVE;
				CLANG_WARN_UNREACHABLE_CODE = YES;
				CLANG_WARN__DUPLICATE_METHOD_MATCH = YES;
				COPY_PHASE_STRIP = NO;
				DEBUG_INFORMATION_FORMAT = "dwarf-with-dsym";
				ENABLE_NS_ASSERTIONS = NO;
				ENABLE_STRICT_OBJC_MSGSEND = YES;
				GCC_C_LANGUAGE_STANDARD = gnu11;
				GCC_NO_COMMON_BLOCKS = YES;
				GCC_WARN_64_TO_32_BIT_CONVERSION = YES;
				GCC_WARN_ABOUT_RETURN_TYPE = YES_ERROR;
				GCC_WARN_UNDECLARED_SELECTOR = YES;
				GCC_WARN_UNINITIALIZED_AUTOS = YES_AGGRESSIVE;
				GCC_WARN_UNUSED_FUNCTION = YES;
				GCC_WARN_UNUSED_VARIABLE = YES;
				IPHONEOS_DEPLOYMENT_TARGET = 14.4;
				MTL_ENABLE_DEBUG_INFO = NO;
				MTL_FAST_MATH = YES;
				SDKROOT = iphoneos;
				SWIFT_COMPILATION_MODE = wholemodule;
				SWIFT_OPTIMIZATION_LEVEL = "-O";
				VALIDATE_PRODUCT = YES;
			};
			name = Release;
		};
		7F138EE32887563D00C0B624 /* Debug */ = {
			isa = XCBuildConfiguration;
			buildSettings = {
				ASSETCATALOG_COMPILER_APPICON_NAME = AppIcon;
				ASSETCATALOG_COMPILER_GLOBAL_ACCENT_COLOR_NAME = AccentColor;
				CODE_SIGN_STYLE = Automatic;
				DEVELOPMENT_TEAM = KS5XA4JXBF;
				INFOPLIST_FILE = "Smart Wallet/Info.plist";
				LD_RUNPATH_SEARCH_PATHS = (
					"$(inherited)",
					"@executable_path/Frameworks",
				);
				PRODUCT_BUNDLE_IDENTIFIER = "KWK3.3.Smart-Wallet";
				PRODUCT_NAME = "$(TARGET_NAME)";
				SWIFT_VERSION = 5.0;
				TARGETED_DEVICE_FAMILY = "1,2";
			};
			name = Debug;
		};
		7F138EE42887563D00C0B624 /* Release */ = {
			isa = XCBuildConfiguration;
			buildSettings = {
				ASSETCATALOG_COMPILER_APPICON_NAME = AppIcon;
				ASSETCATALOG_COMPILER_GLOBAL_ACCENT_COLOR_NAME = AccentColor;
				CODE_SIGN_STYLE = Automatic;
				DEVELOPMENT_TEAM = KS5XA4JXBF;
				INFOPLIST_FILE = "Smart Wallet/Info.plist";
				LD_RUNPATH_SEARCH_PATHS = (
					"$(inherited)",
					"@executable_path/Frameworks",
				);
				PRODUCT_BUNDLE_IDENTIFIER = "KWK3.3.Smart-Wallet";
				PRODUCT_NAME = "$(TARGET_NAME)";
				SWIFT_VERSION = 5.0;
				TARGETED_DEVICE_FAMILY = "1,2";
			};
			name = Release;
		};
/* End XCBuildConfiguration section */

/* Begin XCConfigurationList section */
		7F138EC62887563C00C0B624 /* Build configuration list for PBXProject "Smart Wallet" */ = {
			isa = XCConfigurationList;
			buildConfigurations = (
				7F138EE02887563D00C0B624 /* Debug */,
				7F138EE12887563D00C0B624 /* Release */,
			);
			defaultConfigurationIsVisible = 0;
			defaultConfigurationName = Release;
		};
		7F138EE22887563D00C0B624 /* Build configuration list for PBXNativeTarget "Smart Wallet" */ = {
			isa = XCConfigurationList;
			buildConfigurations = (
				7F138EE32887563D00C0B624 /* Debug */,
				7F138EE42887563D00C0B624 /* Release */,
			);
			defaultConfigurationIsVisible = 0;
			defaultConfigurationName = Release;
		};
/* End XCConfigurationList section */

/* Begin XCVersionGroup section */
		7F138ED72887563C00C0B624 /* Smart_Wallet.xcdatamodeld */ = {
			isa = XCVersionGroup;
			children = (
				7F138ED82887563C00C0B624 /* Smart_Wallet.xcdatamodel */,
			);
			currentVersion = 7F138ED82887563C00C0B624 /* Smart_Wallet.xcdatamodel */;
			path = Smart_Wallet.xcdatamodeld;
			sourceTree = "<group>";
			versionGroupType = wrapper.xcdatamodel;
		};
/* End XCVersionGroup section */
	};
	rootObject = 7F138EC32887563C00C0B624 /* Project object */;
}
